{
	"name": "function_info",
	"lockfileVersion": 3,
	"requires": true,
	"packages": {
		"": {
			"devDependencies": {
				"seafox": "^1.7.1"
			}
		},
		"node_modules/seafox": {
			"version": "1.7.1",
			"resolved": "https://registry.npmjs.org/seafox/-/seafox-1.7.1.tgz",
			"integrity": "sha512-WK3tcdmoCHPBhoe1oojEfzeNSTkp/wEgNdReqyBNubUM5yp+sw6uU2f/SpAc0PI1VyAxiC2G7tfMY2TXr/pfIg==",
			"dev": true,
			"engines": {
				"node": ">=6.0.0"
			}
		}
	}
}
