{
	"name": "js_concolic",
	"lockfileVersion": 3,
	"requires": true,
	"packages": {
		"": {
			"name": "js_concolic",
			"devDependencies": {
				"jalangi2": "^0.2.6"
			}
		},
		"node_modules/argparse": {
			"version": "0.1.6",
			"resolved": "https://registry.npmjs.org/argparse/-/argparse-0.1.6.tgz",
			"integrity": "sha512-uW+Wd+dY1JKw+h5dBe2eeHPSxEufaxH1rZoKnJ4Cq2YZ2kYrkcKkkrc5n85I1ab1egusyeJorwFOCJ4lGqYteQ==",
			"dev": true,
			"dependencies": {
				"underscore": "~1.3.3",
				"underscore.string": "~2.1.1"
			},
			"engines": {
				"node": ">= 0.6.0"
			}
		},
		"node_modules/balanced-match": {
			"version": "1.0.2",
			"resolved": "https://registry.npmjs.org/balanced-match/-/balanced-match-1.0.2.tgz",
			"integrity": "sha512-3oSeUO0TMV67hN1AmbXsK4yaqU7tjiHlbxRDZOpH0KW9+CeX4bRAaX0Anxt0tx2MrpRpWwQaPwIlISEJhYU5Pw==",
			"dev": true
		},
		"node_modules/brace-expansion": {
			"version": "1.1.11",
			"resolved": "https://registry.npmjs.org/brace-expansion/-/brace-expansion-1.1.11.tgz",
			"integrity": "sha512-iCuPHDFgrHX7H2vEI/5xpz07zSHB00TpugqhmYtVmMO6518mCuRMoOYFldEBl0g187ufozdaHgWKcYFb61qGiA==",
			"dev": true,
			"dependencies": {
				"balanced-match": "^1.0.0",
				"concat-map": "0.0.1"
			}
		},
		"node_modules/cli-table": {
			"version": "0.0.2",
			"resolved": "https://registry.npmjs.org/cli-table/-/cli-table-0.0.2.tgz",
			"integrity": "sha512-pxlO2LG8dJMt+xR33zeICgkCje4SSueapy+FW7VjtD9HEUdOj7gl8lNCjCUWa9H4M3ao0ys/1kjLv86KY4tWmA==",
			"dev": true,
			"dependencies": {
				"colors": "0.3.0"
			},
			"engines": {
				"node": ">= 0.2.0"
			}
		},
		"node_modules/codemirror": {
			"version": "5.1.0",
			"resolved": "https://registry.npmjs.org/codemirror/-/codemirror-5.1.0.tgz",
			"integrity": "sha512-4PhOh+oRhwEi4GXmOS/Col8ca1j0PxkDeVyS3jj4RTxrH/1dW5GBo4RaSjzxP+cHyrjZxCflQaZQjoD8CeSMGg==",
			"dev": true
		},
		"node_modules/colors": {
			"version": "0.3.0",
			"resolved": "https://registry.npmjs.org/colors/-/colors-0.3.0.tgz",
			"integrity": "sha512-zRIkNRjxdyFV2Vuq0Bh8hL/rWgQsBM19aB6Uq9CMot2olUuD1DEPon9SB3GZNDrfOojb6a74AQhSM5BKrAr9tA==",
			"dev": true,
			"engines": {
				"node": "*"
			}
		},
		"node_modules/concat-map": {
			"version": "0.0.1",
			"resolved": "https://registry.npmjs.org/concat-map/-/concat-map-0.0.1.tgz",
			"integrity": "sha512-/Srv4dswyQNBfohGpz9o6Yb3Gz3SrUDqBH5rTuhGR7ahtlbYKnVxw2bCFMRljaA7EXHaXZ8wsHdodFvbkhKmqg==",
			"dev": true
		},
		"node_modules/cover": {
			"version": "0.2.9",
			"resolved": "https://registry.npmjs.org/cover/-/cover-0.2.9.tgz",
			"integrity": "sha512-ezch+ax5tw9w+9NDdh65VoMrfM8HfT7l/Tys8G4QQw58Yj7PeJ8DlBKDmV9cZuEUuoBoy4rdjVXKClrh8o6A1g==",
			"dev": true,
			"dependencies": {
				"cli-table": "0.0.x",
				"underscore": "1.2.x",
				"underscore.string": "2.0.x",
				"which": "1.0.x"
			},
			"bin": {
				"cover": "bin/cover"
			}
		},
		"node_modules/cover/node_modules/underscore": {
			"version": "1.2.4",
			"resolved": "https://registry.npmjs.org/underscore/-/underscore-1.2.4.tgz",
			"integrity": "sha512-WvFu6gnoSYDtm/hncQgO00QgFTxlmiw2Uv3DoU7yq5aLD4RhX7cUHO4TDU53JWy5E63Ex4yYsm1+9t2cZvefnQ==",
			"dev": true,
			"engines": {
				"node": "*"
			}
		},
		"node_modules/cover/node_modules/underscore.string": {
			"version": "2.0.0",
			"resolved": "https://registry.npmjs.org/underscore.string/-/underscore.string-2.0.0.tgz",
			"integrity": "sha512-36kUytY+40vDx+/MqchfGG6/QDy/FZPR0RY/vKIEU55yAvxivOwE46rIKMQ2uCIfwjxbI0PQpmljQ2MK80oYDA==",
			"dev": true,
			"engines": {
				"node": "*"
			}
		},
		"node_modules/datatables": {
			"version": "1.10.6",
			"resolved": "https://registry.npmjs.org/datatables/-/datatables-1.10.6.tgz",
			"integrity": "sha512-CV+lmZLNcALjvj6TtOums/zm4XsRP377Uu0CI4u41HKu9gOwX63BvG4ZU674GmoK5U56qw1rLmu+GDOgJYQhXA==",
			"deprecated": "This NPM package for DataTables has now been deprecated and the 'datatables.net' set of packages should be used in preference to this one. Please see the NPM installation guide for DataTables for more details: https://datatables.net/download/npm.",
			"dev": true,
			"dependencies": {
				"jquery": ">=1.7"
			}
		},
		"node_modules/estraverse": {
			"version": "4.0.0",
			"resolved": "https://registry.npmjs.org/estraverse/-/estraverse-4.0.0.tgz",
			"integrity": "sha512-un/B/ULAE49M5492A4OrTdIOuGtmnNwehRHnZze0hQdNB8sBMOYgsn7iwWM0wIWMnyJJCGdqC1+F1hfrjlSKEQ==",
			"dev": true,
			"engines": {
				"node": ">=0.10.0"
			}
		},
		"node_modules/fill-keys": {
			"version": "1.0.2",
			"resolved": "https://registry.npmjs.org/fill-keys/-/fill-keys-1.0.2.tgz",
			"integrity": "sha512-tcgI872xXjwFF4xgQmLxi76GnwJG3g/3isB1l4/G5Z4zrbddGpBjqZCO9oEAcB5wX0Hj/5iQB3toxfO7in1hHA==",
			"dev": true,
			"dependencies": {
				"is-object": "~1.0.1",
				"merge-descriptors": "~1.0.0"
			},
			"engines": {
				"node": ">=0.10.0"
			}
		},
		"node_modules/fs.realpath": {
			"version": "1.0.0",
			"resolved": "https://registry.npmjs.org/fs.realpath/-/fs.realpath-1.0.0.tgz",
			"integrity": "sha512-OO0pH2lK6a0hZnAdau5ItzHPI6pUlvI7jMVnxUQRtw4owF2wk8lOSabtGDCTP4Ggrg2MbGnWO9X8K1t4+fGMDw==",
			"dev": true
		},
		"node_modules/glob": {
			"version": "7.2.3",
			"resolved": "https://registry.npmjs.org/glob/-/glob-7.2.3.tgz",
			"integrity": "sha512-nFR0zLpU2YCaRxwoCJvL6UvCH2JFyFVIvwTLsIf21AuHlMskA1hhTdk+LlYJtOlYt9v6dvszD2BGRqBL+iQK9Q==",
			"dev": true,
			"dependencies": {
				"fs.realpath": "^1.0.0",
				"inflight": "^1.0.4",
				"inherits": "2",
				"minimatch": "^3.1.1",
				"once": "^1.3.0",
				"path-is-absolute": "^1.0.0"
			},
			"engines": {
				"node": "*"
			},
			"funding": {
				"url": "https://github.com/sponsors/isaacs"
			}
		},
		"node_modules/graceful-fs": {
			"version": "4.2.10",
			"resolved": "https://registry.npmjs.org/graceful-fs/-/graceful-fs-4.2.10.tgz",
			"integrity": "sha512-9ByhssR2fPVsNZj478qUUbKfmL0+t5BDVyjShtyZZLiK7ZDAArFFfopyOTj0M05wE2tJPisA4iTnnXl2YoPvOA==",
			"dev": true
		},
		"node_modules/graceful-ncp": {
			"version": "3.0.0",
			"resolved": "https://registry.npmjs.org/graceful-ncp/-/graceful-ncp-3.0.0.tgz",
			"integrity": "sha512-G6QJTyxiW0lO0njYNx3572+d4BbsxvfayjndnP4cDTjQss+yK5f/p5+DjOBo1gk561ULfKo9nrdtSP6rQyQZJA==",
			"dev": true,
			"dependencies": {
				"graceful-fs": "^4.1.4",
				"ncp": "^2.0.0",
				"proxyquire": "^1.4.0"
			}
		},
		"node_modules/inflight": {
			"version": "1.0.6",
			"resolved": "https://registry.npmjs.org/inflight/-/inflight-1.0.6.tgz",
			"integrity": "sha512-k92I/b08q4wvFscXCLvqfsHCrjrF7yiXsQuIVvVE7N82W3+aqpzuUdBbfhWcy/FZR3/4IgflMgKLOsvPDrGCJA==",
			"dev": true,
			"dependencies": {
				"once": "^1.3.0",
				"wrappy": "1"
			}
		},
		"node_modules/inherits": {
			"version": "2.0.4",
			"resolved": "https://registry.npmjs.org/inherits/-/inherits-2.0.4.tgz",
			"integrity": "sha512-k/vGaX4/Yla3WzyMCvTQOXYeIHvqOKtnqBduzTHpzpQZzAskKMhZ2K+EnBiSM9zGSoIFeMpXKxa4dYeZIQqewQ==",
			"dev": true
		},
		"node_modules/is-object": {
			"version": "1.0.2",
			"resolved": "https://registry.npmjs.org/is-object/-/is-object-1.0.2.tgz",
			"integrity": "sha512-2rRIahhZr2UWb45fIOuvZGpFtz0TyOZLf32KxBbSoUCeZR495zCKlWUKKUByk3geS2eAs7ZAABt0Y/Rx0GiQGA==",
			"dev": true,
			"funding": {
				"url": "https://github.com/sponsors/ljharb"
			}
		},
		"node_modules/jalangi2": {
			"version": "0.2.6",
			"resolved": "https://registry.npmjs.org/jalangi2/-/jalangi2-0.2.6.tgz",
			"integrity": "sha512-CaMxEXv/D7bCDe3iNQXLlIyOaoi2PS8jnDYOypHJR+L71eX1TFZYOX5TuBtL8CLr9fqGF9lRR3OVKS4dULVBGQ==",
			"bundleDependencies": [
				"acorn",
				"esotope"
			],
			"dev": true,
			"dependencies": {
				"acorn": "7.2.0",
				"argparse": "0.1.6",
				"codemirror": "5.1.0",
				"cover": "0.2.9",
				"datatables": "1.10.6",
				"esotope": "1.4.5",
				"estraverse": "4.0.0",
				"graceful-ncp": "3.0.0",
				"jquery": "3.5.0",
				"mkdirp": "0.5.0",
				"parse5": "2.1.5",
				"q": "1.2.0",
				"rewriting-proxy": "0.5.1",
				"temp": "0.9.1"
			},
			"bin": {
				"jalangi2": "src/js/commands/jalangi.js"
			}
		},
		"node_modules/jalangi2/node_modules/acorn": {
			"version": "7.2.0",
			"dev": true,
			"inBundle": true,
			"license": "MIT",
			"bin": {
				"acorn": "bin/acorn"
			},
			"engines": {
				"node": ">=0.4.0"
			}
		},
		"node_modules/jalangi2/node_modules/esotope": {
			"version": "1.4.5",
			"dev": true,
			"inBundle": true,
			"engines": {
				"node": ">=0.10.0"
			}
		},
		"node_modules/jquery": {
			"version": "3.5.0",
			"resolved": "https://registry.npmjs.org/jquery/-/jquery-3.5.0.tgz",
			"integrity": "sha512-Xb7SVYMvygPxbFMpTFQiHh1J7HClEaThguL15N/Gg37Lri/qKyhRGZYzHRyLH8Stq3Aow0LsHO2O2ci86fCrNQ==",
			"dev": true
		},
		"node_modules/merge-descriptors": {
			"version": "1.0.1",
			"resolved": "https://registry.npmjs.org/merge-descriptors/-/merge-descriptors-1.0.1.tgz",
			"integrity": "sha512-cCi6g3/Zr1iqQi6ySbseM1Xvooa98N0w31jzUYrXPX2xqObmFGHJ0tQ5u74H3mVh7wLouTseZyYIq39g8cNp1w==",
			"dev": true
		},
		"node_modules/minimatch": {
			"version": "3.1.2",
			"resolved": "https://registry.npmjs.org/minimatch/-/minimatch-3.1.2.tgz",
			"integrity": "sha512-J7p63hRiAjw1NDEww1W7i37+ByIrOWO5XQQAzZ3VOcL0PNybwpfmV/N05zFAzwQ9USyEcX6t3UO+K5aqBQOIHw==",
			"dev": true,
			"dependencies": {
				"brace-expansion": "^1.1.7"
			},
			"engines": {
				"node": "*"
			}
		},
		"node_modules/minimist": {
			"version": "0.0.8",
			"resolved": "https://registry.npmjs.org/minimist/-/minimist-0.0.8.tgz",
			"integrity": "sha512-miQKw5Hv4NS1Psg2517mV4e4dYNaO3++hjAvLOAzKqZ61rH8NS1SK+vbfBWZ5PY/Me/bEWhUwqMghEW5Fb9T7Q==",
			"dev": true
		},
		"node_modules/mkdirp": {
			"version": "0.5.0",
			"resolved": "https://registry.npmjs.org/mkdirp/-/mkdirp-0.5.0.tgz",
			"integrity": "sha512-xjjNGy+ry1lhtIKcr2PT6ok3aszhQfgrUDp4OZLHacgRgFmF6XR9XCOJVcXlVGQonIqXcK1DvqgKKQOPWYGSfw==",
			"deprecated": "Legacy versions of mkdirp are no longer supported. Please update to mkdirp 1.x. (Note that the API surface has changed to use Promises in 1.x.)",
			"dev": true,
			"dependencies": {
				"minimist": "0.0.8"
			},
			"bin": {
				"mkdirp": "bin/cmd.js"
			}
		},
		"node_modules/module-not-found-error": {
			"version": "1.0.1",
			"resolved": "https://registry.npmjs.org/module-not-found-error/-/module-not-found-error-1.0.1.tgz",
			"integrity": "sha512-pEk4ECWQXV6z2zjhRZUongnLJNUeGQJ3w6OQ5ctGwD+i5o93qjRQUk2Rt6VdNeu3sEP0AB4LcfvdebpxBRVr4g==",
			"dev": true
		},
		"node_modules/ncp": {
			"version": "2.0.0",
			"resolved": "https://registry.npmjs.org/ncp/-/ncp-2.0.0.tgz",
			"integrity": "sha512-zIdGUrPRFTUELUvr3Gmc7KZ2Sw/h1PiVM0Af/oHB6zgnV1ikqSfRk+TOufi79aHYCW3NiOXmr1BP5nWbzojLaA==",
			"dev": true,
			"bin": {
				"ncp": "bin/ncp"
			}
		},
		"node_modules/once": {
			"version": "1.4.0",
			"resolved": "https://registry.npmjs.org/once/-/once-1.4.0.tgz",
			"integrity": "sha512-lNaJgI+2Q5URQBkccEKHTQOPaXdUxnZZElQTZY0MFUAuaEqe1E+Nyvgdz/aIyNi6Z9MzO5dv1H8n58/GELp3+w==",
			"dev": true,
			"dependencies": {
				"wrappy": "1"
			}
		},
		"node_modules/parse5": {
			"version": "2.1.5",
			"resolved": "https://registry.npmjs.org/parse5/-/parse5-2.1.5.tgz",
			"integrity": "sha512-zIVNDHQZKD0S1pAYkbg4EpHOKDcCBgtf63bsrZO8l9OO8uMDGsjZw5SEpe+hYRWfBxS3N2YoYNbYi5ABJtediw==",
			"dev": true
		},
		"node_modules/path-is-absolute": {
			"version": "1.0.1",
			"resolved": "https://registry.npmjs.org/path-is-absolute/-/path-is-absolute-1.0.1.tgz",
			"integrity": "sha512-AVbw3UJ2e9bq64vSaS9Am0fje1Pa8pbGqTTsmXfaIiMpnr5DlDhfJOuLj9Sf95ZPVDAUerDfEk88MPmPe7UCQg==",
			"dev": true,
			"engines": {
				"node": ">=0.10.0"
			}
		},
		"node_modules/proxyquire": {
			"version": "1.8.0",
			"resolved": "https://registry.npmjs.org/proxyquire/-/proxyquire-1.8.0.tgz",
			"integrity": "sha512-mZZq4F50qaBkngvlf9paNfaSb5gtJ0mFPnBjda4NxCpXpMAaVfSLguRr9y2KXF6koOSBf4AanD2inuEQw3aCcA==",
			"dev": true,
			"dependencies": {
				"fill-keys": "^1.0.2",
				"module-not-found-error": "^1.0.0",
				"resolve": "~1.1.7"
			}
		},
		"node_modules/q": {
			"version": "1.2.0",
			"resolved": "https://registry.npmjs.org/q/-/q-1.2.0.tgz",
			"integrity": "sha512-8CjKHv3iiFObVUyfObnGfIVm+b9VmovTMUN6TPyCoadFBQJ0vKHZMXMkWyP9o8xexhWDIqiO7crplBcAXqOWwQ==",
			"dev": true,
			"engines": {
				"node": ">=0.6.0",
				"teleport": ">=0.2.0"
			}
		},
		"node_modules/resolve": {
			"version": "1.1.7",
			"resolved": "https://registry.npmjs.org/resolve/-/resolve-1.1.7.tgz",
			"integrity": "sha512-9znBF0vBcaSN3W2j7wKvdERPwqTxSpCq+if5C0WoTCyV9n24rua28jeuQ2pL/HOf+yUe/Mef+H/5p60K0Id3bg==",
			"dev": true
		},
		"node_modules/rewriting-proxy": {
			"version": "0.5.1",
			"resolved": "https://registry.npmjs.org/rewriting-proxy/-/rewriting-proxy-0.5.1.tgz",
			"integrity": "sha512-dOr7nbXo8K94HpaD0/LRg4beZdlU4OKI4msvw5lket1lidsNzHnf5KcK/2Q7lemdswEz7LpcAjME5WuayTzTtQ==",
			"dev": true,
			"dependencies": {
				"parse5": "2.1.5"
			}
		},
		"node_modules/rimraf": {
			"version": "2.6.3",
			"resolved": "https://registry.npmjs.org/rimraf/-/rimraf-2.6.3.tgz",
			"integrity": "sha512-mwqeW5XsA2qAejG46gYdENaxXjx9onRNCfn7L0duuP4hCuTIi/QO7PDK07KJfp1d+izWPrzEJDcSqBa0OZQriA==",
			"dev": true,
			"dependencies": {
				"glob": "^7.1.3"
			},
			"bin": {
				"rimraf": "bin.js"
			}
		},
		"node_modules/temp": {
			"version": "0.9.1",
			"resolved": "https://registry.npmjs.org/temp/-/temp-0.9.1.tgz",
			"integrity": "sha512-WMuOgiua1xb5R56lE0eH6ivpVmg/lq2OHm4+LtT/xtEtPQ+sz6N3bBM6WZ5FvO1lO4IKIOb43qnhoc4qxP5OeA==",
			"dev": true,
			"dependencies": {
				"rimraf": "~2.6.2"
			},
			"engines": {
				"node": ">=6.0.0"
			}
		},
		"node_modules/underscore": {
			"version": "1.3.3",
			"resolved": "https://registry.npmjs.org/underscore/-/underscore-1.3.3.tgz",
			"integrity": "sha512-ddgUaY7xyrznJ0tbSUZgvNdv5qbiF6XcUBTrHgdCOVUrxJYWozD5KyiRjtIwds1reZ7O1iPLv5rIyqnVAcS6gg==",
			"dev": true,
			"engines": {
				"node": "*"
			}
		},
		"node_modules/underscore.string": {
			"version": "2.1.1",
			"resolved": "https://registry.npmjs.org/underscore.string/-/underscore.string-2.1.1.tgz",
			"integrity": "sha512-k9n9MA9xnuWlvG36XR8Jf+ZjVkYeEg0g+CMhXYUQ9bik/Fo3F0N3zAueSQOvocnxKE5cQwV8YlcpBrCG6o4PeQ==",
			"dev": true,
			"engines": {
				"node": "*"
			}
		},
		"node_modules/which": {
			"version": "1.0.9",
			"resolved": "https://registry.npmjs.org/which/-/which-1.0.9.tgz",
			"integrity": "sha512-E87fdQ/eRJr9W1X4wTPejNy9zTW3FI2vpCZSJ/HAY+TkjKVC0TUm1jk6vn2Z7qay0DQy0+RBGdXxj+RmmiGZKQ==",
			"dev": true,
			"bin": {
				"which": "bin/which"
			}
		},
		"node_modules/wrappy": {
			"version": "1.0.2",
			"resolved": "https://registry.npmjs.org/wrappy/-/wrappy-1.0.2.tgz",
			"integrity": "sha512-l4Sp/DRseor9wL6EvV2+TuQn63dMkPjZ/sp9XkghTEbV9KlPS1xUsZ3u7/IQO4wxtcFB4bgpQPRcR3QCvezPcQ==",
			"dev": true
		}
	}
}
